dependencies:
- name: falco
  repository: https://falcosecurity.github.io/charts
  version: 9.1.0
- name: falcosidekick
  repository: https://falcosecurity.github.io/charts
  version: 0.9.5
- name: loki
  repository: https://grafana.github.io/helm-charts
  version: 6.24.0
- name: grafana
  repository: https://grafana.github.io/helm-charts
  version: 8.8.2
digest: sha256:bc4be6511ae127d3c000b6b9ac823ae76ddf89e530c879e809be772aae500f8d
generated: "2026-07-17T20:44:37.936284213Z"
